// !$*UTF8*$!
{
	archiveVersion = 1;
	classes = {
	};
	objectVersion = 46;
	objects = {

/* Begin PBXBuildFile section */
		843757DA1CD9948E009C40F7 /* main.m in Sources */ = {isa = PBXBuildFile; fileRef = 843757D91CD9948E009C40F7 /* main.m */; };
		843757DD1CD9948E009C40F7 /* AppDelegate.m in Sources */ = {isa = PBXBuildFile; fileRef = 843757DC1CD9948E009C40F7 /* AppDelegate.m */; };
		843757E01CD9948E009C40F7 /* ViewController.m in Sources */ = {isa = PBXBuildFile; fileRef = 843757DF1CD9948E009C40F7 /* ViewController.m */; };
		843757E31CD9948E009C40F7 /* Main.storyboard in Resources */ = {isa = PBXBuildFile; fileRef = 843757E11CD9948E009C40F7 /* Main.storyboard */; };
		843757E51CD9948E009C40F7 /* Assets.xcassets in Resources */ = {isa = PBXBuildFile; fileRef = 843757E41CD9948E009C40F7 /* Assets.xcassets */; };
		843757E81CD9948E009C40F7 /* LaunchScreen.storyboard in Resources */ = {isa = PBXBuildFile; fileRef = 843757E61CD9948E009C40F7 /* LaunchScreen.storyboard */; };
		843757F31CD9948E009C40F7 /* TextFieldMatchEmailDemoTests.m in Sources */ = {isa = PBXBuildFile; fileRef = 843757F21CD9948E009C40F7 /* TextFieldMatchEmailDemoTests.m */; };
		843757FE1CD9948E009C40F7 /* TextFieldMatchEmailDemoUITests.m in Sources */ = {isa = PBXBuildFile; fileRef = 843757FD1CD9948E009C40F7 /* TextFieldMatchEmailDemoUITests.m */; };
/* End PBXBuildFile section */

/* Begin PBXContainerItemProxy section */
		843757EF1CD9948E009C40F7 /* PBXContainerItemProxy */ = {
			isa = PBXContainerItemProxy;
			containerPortal = 843757CD1CD9948E009C40F7 /* Project object */;
			proxyType = 1;
			remoteGlobalIDString = 843757D41CD9948E009C40F7;
			remoteInfo = TextFieldMatchEmailDemo;
		};
		843757FA1CD9948E009C40F7 /* PBXContainerItemProxy */ = {
			isa = PBXContainerItemProxy;
			containerPortal = 843757CD1CD9948E009C40F7 /* Project object */;
			proxyType = 1;
			remoteGlobalIDString = 843757D41CD9948E009C40F7;
			remoteInfo = TextFieldMatchEmailDemo;
		};
/* End PBXContainerItemProxy section */

/* Begin PBXFileReference section */
		843757D51CD9948E009C40F7 /* TextFieldMatchEmailDemo.app */ = {isa = PBXFileReference; explicitFileType = wrapper.application; includeInIndex = 0; path = TextFieldMatchEmailDemo.app; sourceTree = BUILT_PRODUCTS_DIR; };
		843757D91CD9948E009C40F7 /* main.m */ = {isa = PBXFileReference; lastKnownFileType = sourcecode.c.objc; path = main.m; sourceTree = "<group>"; };
		843757DB1CD9948E009C40F7 /* AppDelegate.h */ = {isa = PBXFileReference; lastKnownFileType = sourcecode.c.h; path = AppDelegate.h; sourceTree = "<group>"; };
		843757DC1CD9948E009C40F7 /* AppDelegate.m */ = {isa = PBXFileReference; lastKnownFileType = sourcecode.c.objc; path = AppDelegate.m; sourceTree = "<group>"; };
		843757DE1CD9948E009C40F7 /* ViewController.h */ = {isa = PBXFileReference; lastKnownFileType = sourcecode.c.h; path = ViewController.h; sourceTree = "<group>"; };
		843757DF1CD9948E009C40F7 /* ViewController.m */ = {isa = PBXFileReference; lastKnownFileType = sourcecode.c.objc; path = ViewController.m; sourceTree = "<group>"; };
		843757E21CD9948E009C40F7 /* Base */ = {isa = PBXFileReference; lastKnownFileType = file.storyboard; name = Base; path = Base.lproj/Main.storyboard; sourceTree = "<group>"; };
		843757E41CD9948E009C40F7 /* Assets.xcassets */ = {isa = PBXFileReference; lastKnownFileType = folder.assetcatalog; path = Assets.xcassets; sourceTree = "<group>"; };
		843757E71CD9948E009C40F7 /* Base */ = {isa = PBXFileReference; lastKnownFileType = file.storyboard; name = Base; path = Base.lproj/LaunchScreen.storyboard; sourceTree = "<group>"; };
		843757E91CD9948E009C40F7 /* Info.plist */ = {isa = PBXFileReference; lastKnownFileType = text.plist.xml; path = Info.plist; sourceTree = "<group>"; };
		843757EE1CD9948E009C40F7 /* TextFieldMatchEmailDemoTests.xctest */ = {isa = PBXFileReference; explicitFileType = wrapper.cfbundle; includeInIndex = 0; path = TextFieldMatchEmailDemoTests.xctest; sourceTree = BUILT_PRODUCTS_DIR; };
		843757F21CD9948E009C40F7 /* TextFieldMatchEmailDemoTests.m */ = {isa = PBXFileReference; lastKnownFileType = sourcecode.c.objc; path = TextFieldMatchEmailDemoTests.m; sourceTree = "<group>"; };
		843757F41CD9948E009C40F7 /* Info.plist */ = {isa = PBXFileReference; lastKnownFileType = text.plist.xml; path = Info.plist; sourceTree = "<group>"; };
		843757F91CD9948E009C40F7 /* TextFieldMatchEmailDemoUITests.xctest */ = {isa = PBXFileReference; explicitFileType = wrapper.cfbundle; includeInIndex = 0; path = TextFieldMatchEmailDemoUITests.xctest; sourceTree = BUILT_PRODUCTS_DIR; };
		843757FD1CD9948E009C40F7 /* TextFieldMatchEmailDemoUITests.m */ = {isa = PBXFileReference; lastKnownFileType = sourcecode.c.objc; path = TextFieldMatchEmailDemoUITests.m; sourceTree = "<group>"; };
		843757FF1CD9948E009C40F7 /* Info.plist */ = {isa = PBXFileReference; lastKnownFileType = text.plist.xml; path = Info.plist; sourceTree = "<group>"; };
/* End PBXFileReference section */

/* Begin PBXFrameworksBuildPhase section */
		843757D21CD9948E009C40F7 /* Frameworks */ = {
			isa = PBXFrameworksBuildPhase;
			buildActionMask = 2147483647;
			files = (
			);
			runOnlyForDeploymentPostprocessing = 0;
		};
		843757EB1CD9948E009C40F7 /* Frameworks */ = {
			isa = PBXFrameworksBuildPhase;
			buildActionMask = 2147483647;
			files = (
			);
			runOnlyForDeploymentPostprocessing = 0;
		};
		843757F61CD9948E009C40F7 /* Frameworks */ = {
			isa = PBXFrameworksBuildPhase;
			buildActionMask = 2147483647;
			files = (
			);
			runOnlyForDeploymentPostprocessing = 0;
		};
/* End PBXFrameworksBuildPhase section */

/* Begin PBXGroup section */
		843757CC1CD9948E009C40F7 = {
			isa = PBXGroup;
			children = (
				843757D71CD9948E009C40F7 /* TextFieldMatchEmailDemo */,
				843757F11CD9948E009C40F7 /* TextFieldMatchEmailDemoTests */,
				843757FC1CD9948E009C40F7 /* TextFieldMatchEmailDemoUITests */,
				843757D61CD9948E009C40F7 /* Products */,
			);
			sourceTree = "<group>";
		};
		843757D61CD9948E009C40F7 /* Products */ = {
			isa = PBXGroup;
			children = (
				843757D51CD9948E009C40F7 /* TextFieldMatchEmailDemo.app */,
				843757EE1CD9948E009C40F7 /* TextFieldMatchEmailDemoTests.xctest */,
				843757F91CD9948E009C40F7 /* TextFieldMatchEmailDemoUITests.xctest */,
			);
			name = Products;
			sourceTree = "<group>";
		};
		843757D71CD9948E009C40F7 /* TextFieldMatchEmailDemo */ = {
			isa = PBXGroup;
			children = (
				843757DB1CD9948E009C40F7 /* AppDelegate.h */,
				843757DC1CD9948E009C40F7 /* AppDelegate.m */,
				843757DE1CD9948E009C40F7 /* ViewController.h */,
				843757DF1CD9948E009C40F7 /* ViewController.m */,
				843757E11CD9948E009C40F7 /* Main.storyboard */,
				843757E41CD9948E009C40F7 /* Assets.xcassets */,
				843757E61CD9948E009C40F7 /* LaunchScreen.storyboard */,
				843757E91CD9948E009C40F7 /* Info.plist */,
				843757D81CD9948E009C40F7 /* Supporting Files */,
			);
			path = TextFieldMatchEmailDemo;
			sourceTree = "<group>";
		};
		843757D81CD9948E009C40F7 /* Supporting Files */ = {
			isa = PBXGroup;
			children = (
				843757D91CD9948E009C40F7 /* main.m */,
			);
			name = "Supporting Files";
			sourceTree = "<group>";
		};
		843757F11CD9948E009C40F7 /* TextFieldMatchEmailDemoTests */ = {
			isa = PBXGroup;
			children = (
				843757F21CD9948E009C40F7 /* TextFieldMatchEmailDemoTests.m */,
				843757F41CD9948E009C40F7 /* Info.plist */,
			);
			path = TextFieldMatchEmailDemoTests;
			sourceTree = "<group>";
		};
		843757FC1CD9948E009C40F7 /* TextFieldMatchEmailDemoUITests */ = {
			isa = PBXGroup;
			children = (
				843757FD1CD9948E009C40F7 /* TextFieldMatchEmailDemoUITests.m */,
				843757FF1CD9948E009C40F7 /* Info.plist */,
			);
			path = TextFieldMatchEmailDemoUITests;
			sourceTree = "<group>";
		};
/* End PBXGroup section */

/* Begin PBXNativeTarget section */
		843757D41CD9948E009C40F7 /* TextFieldMatchEmailDemo */ = {
			isa = PBXNativeTarget;
			buildConfigurationList = 843758021CD9948E009C40F7 /* Build configuration list for PBXNativeTarget "TextFieldMatchEmailDemo" */;
			buildPhases = (
				843757D11CD9948E009C40F7 /* Sources */,
				843757D21CD9948E009C40F7 /* Frameworks */,
				843757D31CD9948E009C40F7 /* Resources */,
			);
			buildRules = (
			);
			dependencies = (
			);
			name = TextFieldMatchEmailDemo;
			productName = TextFieldMatchEmailDemo;
			productReference = 843757D51CD9948E009C40F7 /* TextFieldMatchEmailDemo.app */;
			productType = "com.apple.product-type.application";
		};
		843757ED1CD9948E009C40F7 /* TextFieldMatchEmailDemoTests */ = {
			isa = PBXNativeTarget;
			buildConfigurationList = 843758051CD9948E009C40F7 /* Build configuration list for PBXNativeTarget "TextFieldMatchEmailDemoTests" */;
			buildPhases = (
				843757EA1CD9948E009C40F7 /* Sources */,
				843757EB1CD9948E009C40F7 /* Frameworks */,
				843757EC1CD9948E009C40F7 /* Resources */,
			);
			buildRules = (
			);
			dependencies = (
				843757F01CD9948E009C40F7 /* PBXTargetDependency */,
			);
			name = TextFieldMatchEmailDemoTests;
			productName = TextFieldMatchEmailDemoTests;
			productReference = 843757EE1CD9948E009C40F7 /* TextFieldMatchEmailDemoTests.xctest */;
			productType = "com.apple.product-type.bundle.unit-test";
		};
		843757F81CD9948E009C40F7 /* TextFieldMatchEmailDemoUITests */ = {
			isa = PBXNativeTarget;
			buildConfigurationList = 843758081CD9948E009C40F7 /* Build configuration list for PBXNativeTarget "TextFieldMatchEmailDemoUITests" */;
			buildPhases = (
				843757F51CD9948E009C40F7 /* Sources */,
				843757F61CD9948E009C40F7 /* Frameworks */,
				843757F71CD9948E009C40F7 /* Resources */,
			);
			buildRules = (
			);
			dependencies = (
				843757FB1CD9948E009C40F7 /* PBXTargetDependency */,
			);
			name = TextFieldMatchEmailDemoUITests;
			productName = TextFieldMatchEmailDemoUITests;
			productReference = 843757F91CD9948E009C40F7 /* TextFieldMatchEmailDemoUITests.xctest */;
			productType = "com.apple.product-type.bundle.ui-testing";
		};
/* End PBXNativeTarget section */

/* Begin PBXProject section */
		843757CD1CD9948E009C40F7 /* Project object */ = {
			isa = PBXProject;
			attributes = {
				LastUpgradeCheck = 0730;
				ORGANIZATIONNAME = AlezJi;
				TargetAttributes = {
					843757D41CD9948E009C40F7 = {
						CreatedOnToolsVersion = 7.3;
						DevelopmentTeam = 7UD65F8GWP;
					};
					843757ED1CD9948E009C40F7 = {
						CreatedOnToolsVersion = 7.3;
						DevelopmentTeam = 7UD65F8GWP;
						TestTargetID = 843757D41CD9948E009C40F7;
					};
					843757F81CD9948E009C40F7 = {
						CreatedOnToolsVersion = 7.3;
						DevelopmentTeam = 7UD65F8GWP;
						TestTargetID = 843757D41CD9948E009C40F7;
					};
				};
			};
			buildConfigurationList = 843757D01CD9948E009C40F7 /* Build configuration list for PBXProject "TextFieldMatchEmailDemo" */;
			compatibilityVersion = "Xcode 3.2";
			developmentRegion = English;
			hasScannedForEncodings = 0;
			knownRegions = (
				en,
				Base,
			);
			mainGroup = 843757CC1CD9948E009C40F7;
			productRefGroup = 843757D61CD9948E009C40F7 /* Products */;
			projectDirPath = "";
			projectRoot = "";
			targets = (
				843757D41CD9948E009C40F7 /* TextFieldMatchEmailDemo */,
				843757ED1CD9948E009C40F7 /* TextFieldMatchEmailDemoTests */,
				843757F81CD9948E009C40F7 /* TextFieldMatchEmailDemoUITests */,
			);
		};
/* End PBXProject section */

/* Begin PBXResourcesBuildPhase section */
		843757D31CD9948E009C40F7 /* Resources */ = {
			isa = PBXResourcesBuildPhase;
			buildActionMask = 2147483647;
			files = (
				843757E81CD9948E009C40F7 /* LaunchScreen.storyboard in Resources */,
				843757E51CD9948E009C40F7 /* Assets.xcassets in Resources */,
				843757E31CD9948E009C40F7 /* Main.storyboard in Resources */,
			);
			runOnlyForDeploymentPostprocessing = 0;
		};
		843757EC1CD9948E009C40F7 /* Resources */ = {
			isa = PBXResourcesBuildPhase;
			buildActionMask = 2147483647;
			files = (
			);
			runOnlyForDeploymentPostprocessing = 0;
		};
		843757F71CD9948E009C40F7 /* Resources */ = {
			isa = PBXResourcesBuildPhase;
			buildActionMask = 2147483647;
			files = (
			);
			runOnlyForDeploymentPostprocessing = 0;
		};
/* End PBXResourcesBuildPhase section */

/* Begin PBXSourcesBuildPhase section */
		843757D11CD9948E009C40F7 /* Sources */ = {
			isa = PBXSourcesBuildPhase;
			buildActionMask = 2147483647;
			files = (
				843757E01CD9948E009C40F7 /* ViewController.m in Sources */,
				843757DD1CD9948E009C40F7 /* AppDelegate.m in Sources */,
				843757DA1CD9948E009C40F7 /* main.m in Sources */,
			);
			runOnlyForDeploymentPostprocessing = 0;
		};
		843757EA1CD9948E009C40F7 /* Sources */ = {
			isa = PBXSourcesBuildPhase;
			buildActionMask = 2147483647;
			files = (
				843757F31CD9948E009C40F7 /* TextFieldMatchEmailDemoTests.m in Sources */,
			);
			runOnlyForDeploymentPostprocessing = 0;
		};
		843757F51CD9948E009C40F7 /* Sources */ = {
			isa = PBXSourcesBuildPhase;
			buildActionMask = 2147483647;
			files = (
				843757FE1CD9948E009C40F7 /* TextFieldMatchEmailDemoUITests.m in Sources */,
			);
			runOnlyForDeploymentPostprocessing = 0;
		};
/* End PBXSourcesBuildPhase section */

/* Begin PBXTargetDependency section */
		843757F01CD9948E009C40F7 /* PBXTargetDependency */ = {
			isa = PBXTargetDependency;
			target = 843757D41CD9948E009C40F7 /* TextFieldMatchEmailDemo */;
			targetProxy = 843757EF1CD9948E009C40F7 /* PBXContainerItemProxy */;
		};
		843757FB1CD9948E009C40F7 /* PBXTargetDependency */ = {
			isa = PBXTargetDependency;
			target = 843757D41CD9948E009C40F7 /* TextFieldMatchEmailDemo */;
			targetProxy = 843757FA1CD9948E009C40F7 /* PBXContainerItemProxy */;
		};
/* End PBXTargetDependency section */

/* Begin PBXVariantGroup section */
		843757E11CD9948E009C40F7 /* Main.storyboard */ = {
			isa = PBXVariantGroup;
			children = (
				843757E21CD9948E009C40F7 /* Base */,
			);
			name = Main.storyboard;
			sourceTree = "<group>";
		};
		843757E61CD9948E009C40F7 /* LaunchScreen.storyboard */ = {
			isa = PBXVariantGroup;
			children = (
				843757E71CD9948E009C40F7 /* Base */,
			);
			name = LaunchScreen.storyboard;
			sourceTree = "<group>";
		};
/* End PBXVariantGroup section */

/* Begin XCBuildConfiguration section */
		843758001CD9948E009C40F7 /* Debug */ = {
			isa = XCBuildConfiguration;
			buildSettings = {
				ALWAYS_SEARCH_USER_PATHS = NO;
				CLANG_ANALYZER_NONNULL = YES;
				CLANG_CXX_LANGUAGE_STANDARD = "gnu++0x";
				CLANG_CXX_LIBRARY = "libc++";
				CLANG_ENABLE_MODULES = YES;
				CLANG_ENABLE_OBJC_ARC = YES;
				CLANG_WARN_BOOL_CONVERSION = YES;
				CLANG_WARN_CONSTANT_CONVERSION = YES;
				CLANG_WARN_DIRECT_OBJC_ISA_USAGE = YES_ERROR;
				CLANG_WARN_EMPTY_BODY = YES;
				CLANG_WARN_ENUM_CONVERSION = YES;
				CLANG_WARN_INT_CONVERSION = YES;
				CLANG_WARN_OBJC_ROOT_CLASS = YES_ERROR;
				CLANG_WARN_UNREACHABLE_CODE = YES;
				CLANG_WARN__DUPLICATE_METHOD_MATCH = YES;
				"CODE_SIGN_IDENTITY[sdk=iphoneos*]" = "iPhone Developer";
				COPY_PHASE_STRIP = NO;
				DEBUG_INFORMATION_FORMAT = dwarf;
				ENABLE_STRICT_OBJC_MSGSEND = YES;
				ENABLE_TESTABILITY = YES;
				GCC_C_LANGUAGE_STANDARD = gnu99;
				GCC_DYNAMIC_NO_PIC = NO;
				GCC_NO_COMMON_BLOCKS = YES;
				GCC_OPTIMIZATION_LEVEL = 0;
				GCC_PREPROCESSOR_DEFINITIONS = (
					"DEBUG=1",
					"$(inherited)",
				);
				GCC_WARN_64_TO_32_BIT_CONVERSION = YES;
				GCC_WARN_ABOUT_RETURN_TYPE = YES_ERROR;
				GCC_WARN_UNDECLARED_SELECTOR = YES;
				GCC_WARN_UNINITIALIZED_AUTOS = YES_AGGRESSIVE;
				GCC_WARN_UNUSED_FUNCTION = YES;
				GCC_WARN_UNUSED_VARIABLE = YES;
				IPHONEOS_DEPLOYMENT_TARGET = 9.3;
				MTL_ENABLE_DEBUG_INFO = YES;
				ONLY_ACTIVE_ARCH = YES;
				SDKROOT = iphoneos;
			};
			name = Debug;
		};
		843758011CD9948E009C40F7 /* Release */ = {
			isa = XCBuildConfiguration;
			buildSettings = {
				ALWAYS_SEARCH_USER_PATHS = NO;
				CLANG_ANALYZER_NONNULL = YES;
				CLANG_CXX_LANGUAGE_STANDARD = "gnu++0x";
				CLANG_CXX_LIBRARY = "libc++";
				CLANG_ENABLE_MODULES = YES;
				CLANG_ENABLE_OBJC_ARC = YES;
				CLANG_WARN_BOOL_CONVERSION = YES;
				CLANG_WARN_CONSTANT_CONVERSION = YES;
				CLANG_WARN_DIRECT_OBJC_ISA_USAGE = YES_ERROR;
				CLANG_WARN_EMPTY_BODY = YES;
				CLANG_WARN_ENUM_CONVERSION = YES;
				CLANG_WARN_INT_CONVERSION = YES;
				CLANG_WARN_OBJC_ROOT_CLASS = YES_ERROR;
				CLANG_WARN_UNREACHABLE_CODE = YES;
				CLANG_WARN__DUPLICATE_METHOD_MATCH = YES;
				"CODE_SIGN_IDENTITY[sdk=iphoneos*]" = "iPhone Developer";
				COPY_PHASE_STRIP = NO;
				DEBUG_INFORMATION_FORMAT = "dwarf-with-dsym";
				ENABLE_NS_ASSERTIONS = NO;
				ENABLE_STRICT_OBJC_MSGSEND = YES;
				GCC_C_LANGUAGE_STANDARD = gnu99;
				GCC_NO_COMMON_BLOCKS = YES;
				GCC_WARN_64_TO_32_BIT_CONVERSION = YES;
				GCC_WARN_ABOUT_RETURN_TYPE = YES_ERROR;
				GCC_WARN_UNDECLARED_SELECTOR = YES;
				GCC_WARN_UNINITIALIZED_AUTOS = YES_AGGRESSIVE;
				GCC_WARN_UNUSED_FUNCTION = YES;
				GCC_WARN_UNUSED_VARIABLE = YES;
				IPHONEOS_DEPLOYMENT_TARGET = 9.3;
				MTL_ENABLE_DEBUG_INFO = NO;
				SDKROOT = iphoneos;
				VALIDATE_PRODUCT = YES;
			};
			name = Release;
		};
		843758031CD9948E009C40F7 /* Debug */ = {
			isa = XCBuildConfiguration;
			buildSettings = {
				ASSETCATALOG_COMPILER_APPICON_NAME = AppIcon;
				INFOPLIST_FILE = TextFieldMatchEmailDemo/Info.plist;
				LD_RUNPATH_SEARCH_PATHS = "$(inherited) @executable_path/Frameworks";
				PRODUCT_BUNDLE_IDENTIFIER = AlezJi.TextFieldMatchEmailDemo;
				PRODUCT_NAME = "$(TARGET_NAME)";
			};
			name = Debug;
		};
		843758041CD9948E009C40F7 /* Release */ = {
			isa = XCBuildConfiguration;
			buildSettings = {
				ASSETCATALOG_COMPILER_APPICON_NAME = AppIcon;
				INFOPLIST_FILE = TextFieldMatchEmailDemo/Info.plist;
				LD_RUNPATH_SEARCH_PATHS = "$(inherited) @executable_path/Frameworks";
				PRODUCT_BUNDLE_IDENTIFIER = AlezJi.TextFieldMatchEmailDemo;
				PRODUCT_NAME = "$(TARGET_NAME)";
			};
			name = Release;
		};
		843758061CD9948E009C40F7 /* Debug */ = {
			isa = XCBuildConfiguration;
			buildSettings = {
				BUNDLE_LOADER = "$(TEST_HOST)";
				INFOPLIST_FILE = TextFieldMatchEmailDemoTests/Info.plist;
				LD_RUNPATH_SEARCH_PATHS = "$(inherited) @executable_path/Frameworks @loader_path/Frameworks";
				PRODUCT_BUNDLE_IDENTIFIER = AlezJi.TextFieldMatchEmailDemoTests;
				PRODUCT_NAME = "$(TARGET_NAME)";
				TEST_HOST = "$(BUILT_PRODUCTS_DIR)/TextFieldMatchEmailDemo.app/TextFieldMatchEmailDemo";
			};
			name = Debug;
		};
		843758071CD9948E009C40F7 /* Release */ = {
			isa = XCBuildConfiguration;
			buildSettings = {
				BUNDLE_LOADER = "$(TEST_HOST)";
				INFOPLIST_FILE = TextFieldMatchEmailDemoTests/Info.plist;
				LD_RUNPATH_SEARCH_PATHS = "$(inherited) @executable_path/Frameworks @loader_path/Frameworks";
				PRODUCT_BUNDLE_IDENTIFIER = AlezJi.TextFieldMatchEmailDemoTests;
				PRODUCT_NAME = "$(TARGET_NAME)";
				TEST_HOST = "$(BUILT_PRODUCTS_DIR)/TextFieldMatchEmailDemo.app/TextFieldMatchEmailDemo";
			};
			name = Release;
		};
		843758091CD9948E009C40F7 /* Debug */ = {
			isa = XCBuildConfiguration;
			buildSettings = {
				INFOPLIST_FILE = TextFieldMatchEmailDemoUITests/Info.plist;
				LD_RUNPATH_SEARCH_PATHS = "$(inherited) @executable_path/Frameworks @loader_path/Frameworks";
				PRODUCT_BUNDLE_IDENTIFIER = AlezJi.TextFieldMatchEmailDemoUITests;
				PRODUCT_NAME = "$(TARGET_NAME)";
				TEST_TARGET_NAME = TextFieldMatchEmailDemo;
			};
			name = Debug;
		};
		8437580A1CD9948E009C40F7 /* Release */ = {
			isa = XCBuildConfiguration;
			buildSettings = {
				INFOPLIST_FILE = TextFieldMatchEmailDemoUITests/Info.plist;
				LD_RUNPATH_SEARCH_PATHS = "$(inherited) @executable_path/Frameworks @loader_path/Frameworks";
				PRODUCT_BUNDLE_IDENTIFIER = AlezJi.TextFieldMatchEmailDemoUITests;
				PRODUCT_NAME = "$(TARGET_NAME)";
				TEST_TARGET_NAME = TextFieldMatchEmailDemo;
			};
			name = Release;
		};
/* End XCBuildConfiguration section */

/* Begin XCConfigurationList section */
		843757D01CD9948E009C40F7 /* Build configuration list for PBXProject "TextFieldMatchEmailDemo" */ = {
			isa = XCConfigurationList;
			buildConfigurations = (
				843758001CD9948E009C40F7 /* Debug */,
				843758011CD9948E009C40F7 /* Release */,
			);
			defaultConfigurationIsVisible = 0;
			defaultConfigurationName = Release;
		};
		843758021CD9948E009C40F7 /* Build configuration list for PBXNativeTarget "TextFieldMatchEmailDemo" */ = {
			isa = XCConfigurationList;
			buildConfigurations = (
				843758031CD9948E009C40F7 /* Debug */,
				843758041CD9948E009C40F7 /* Release */,
			);
			defaultConfigurationIsVisible = 0;
		};
		843758051CD9948E009C40F7 /* Build configuration list for PBXNativeTarget "TextFieldMatchEmailDemoTests" */ = {
			isa = XCConfigurationList;
			buildConfigurations = (
				843758061CD9948E009C40F7 /* Debug */,
				843758071CD9948E009C40F7 /* Release */,
			);
			defaultConfigurationIsVisible = 0;
		};
		843758081CD9948E009C40F7 /* Build configuration list for PBXNativeTarget "TextFieldMatchEmailDemoUITests" */ = {
			isa = XCConfigurationList;
			buildConfigurations = (
				843758091CD9948E009C40F7 /* Debug */,
				8437580A1CD9948E009C40F7 /* Release */,
			);
			defaultConfigurationIsVisible = 0;
		};
/* End XCConfigurationList section */
	};
	rootObject = 843757CD1CD9948E009C40F7 /* Project object */;
}
